// !$*UTF8*$!
{
	archiveVersion = 1;
	classes = {
	};
	objectVersion = 50;
	objects = {

/* Begin PBXBuildFile section */
		37E5F89821845CAF00D36C4E /* AppDelegate.swift in Sources */ = {isa = PBXBuildFile; fileRef = 37E5F89721845CAF00D36C4E /* AppDelegate.swift */; };
		37E5F89A21845CAF00D36C4E /* ViewController.swift in Sources */ = {isa = PBXBuildFile; fileRef = 37E5F89921845CAF00D36C4E /* ViewController.swift */; };
		37E5F89D21845CAF00D36C4E /* Main.storyboard in Resources */ = {isa = PBXBuildFile; fileRef = 37E5F89B21845CAF00D36C4E /* Main.storyboard */; };
		37E5F89F21845CB000D36C4E /* Assets.xcassets in Resources */ = {isa = PBXBuildFile; fileRef = 37E5F89E21845CB000D36C4E /* Assets.xcassets */; };
		37E5F8A221845CB000D36C4E /* LaunchScreen.storyboard in Resources */ = {isa = PBXBuildFile; fileRef = 37E5F8A021845CB000D36C4E /* LaunchScreen.storyboard */; };
		37E5F8AA21845DF400D36C4E /* egg.jpeg in Resources */ = {isa = PBXBuildFile; fileRef = 37E5F8A921845DF300D36C4E /* egg.jpeg */; };
		37E5F8AE2184628500D36C4E /* light_saber3.mp3 in Resources */ = {isa = PBXBuildFile; fileRef = 37E5F8AC2184628500D36C4E /* light_saber3.mp3 */; };
		37E5F8AF2184628500D36C4E /* light_saber1.mp3 in Resources */ = {isa = PBXBuildFile; fileRef = 37E5F8AD2184628500D36C4E /* light_saber1.mp3 */; };
/* End PBXBuildFile section */

/* Begin PBXFileReference section */
		37E5F89421845CAF00D36C4E /* 100eggsApp.app */ = {isa = PBXFileReference; explicitFileType = wrapper.application; includeInIndex = 0; path = 100eggsApp.app; sourceTree = BUILT_PRODUCTS_DIR; };
		37E5F89721845CAF00D36C4E /* AppDelegate.swift */ = {isa = PBXFileReference; lastKnownFileType = sourcecode.swift; path = AppDelegate.swift; sourceTree = "<group>"; };
		37E5F89921845CAF00D36C4E /* ViewController.swift */ = {isa = PBXFileReference; lastKnownFileType = sourcecode.swift; path = ViewController.swift; sourceTree = "<group>"; };
		37E5F89C21845CAF00D36C4E /* Base */ = {isa = PBXFileReference; lastKnownFileType = file.storyboard; name = Base; path = Base.lproj/Main.storyboard; sourceTree = "<group>"; };
		37E5F89E21845CB000D36C4E /* Assets.xcassets */ = {isa = PBXFileReference; lastKnownFileType = folder.assetcatalog; path = Assets.xcassets; sourceTree = "<group>"; };
		37E5F8A121845CB000D36C4E /* Base */ = {isa = PBXFileReference; lastKnownFileType = file.storyboard; name = Base; path = Base.lproj/LaunchScreen.storyboard; sourceTree = "<group>"; };
		37E5F8A321845CB000D36C4E /* Info.plist */ = {isa = PBXFileReference; lastKnownFileType = text.plist.xml; path = Info.plist; sourceTree = "<group>"; };
		37E5F8A921845DF300D36C4E /* egg.jpeg */ = {isa = PBXFileReference; lastKnownFileType = image.jpeg; path = egg.jpeg; sourceTree = "<group>"; };
		37E5F8AC2184628500D36C4E /* light_saber3.mp3 */ = {isa = PBXFileReference; lastKnownFileType = audio.mp3; path = light_saber3.mp3; sourceTree = "<group>"; };
		37E5F8AD2184628500D36C4E /* light_saber1.mp3 */ = {isa = PBXFileReference; lastKnownFileType = audio.mp3; path = light_saber1.mp3; sourceTree = "<group>"; };
/* End PBXFileReference section */

/* Begin PBXFrameworksBuildPhase section */
		37E5F89121845CAF00D36C4E /* Frameworks */ = {
			isa = PBXFrameworksBuildPhase;
			buildActionMask = 2147483647;
			files = (
			);
			runOnlyForDeploymentPostprocessing = 0;
		};
/* End PBXFrameworksBuildPhase section */

/* Begin PBXGroup section */
		37E5F88B21845CAF00D36C4E = {
			isa = PBXGroup;
			children = (
				37E5F89621845CAF00D36C4E /* 100eggsApp */,
				37E5F89521845CAF00D36C4E /* Products */,
			);
			sourceTree = "<group>";
		};
		37E5F89521845CAF00D36C4E /* Products */ = {
			isa = PBXGroup;
			children = (
				37E5F89421845CAF00D36C4E /* 100eggsApp.app */,
			);
			name = Products;
			sourceTree = "<group>";
		};
		37E5F89621845CAF00D36C4E /* 100eggsApp */ = {
			isa = PBXGroup;
			children = (
				37E5F89721845CAF00D36C4E /* AppDelegate.swift */,
				37E5F89921845CAF00D36C4E /* ViewController.swift */,
				37E5F89B21845CAF00D36C4E /* Main.storyboard */,
				37E5F89E21845CB000D36C4E /* Assets.xcassets */,
				37E5F8A021845CB000D36C4E /* LaunchScreen.storyboard */,
				37E5F8A321845CB000D36C4E /* Info.plist */,
				37E5F8A921845DF300D36C4E /* egg.jpeg */,
				37E5F8AB2184628500D36C4E /* sound */,
			);
			path = 100eggsApp;
			sourceTree = "<group>";
		};
		37E5F8AB2184628500D36C4E /* sound */ = {
			isa = PBXGroup;
			children = (
				37E5F8AC2184628500D36C4E /* light_saber3.mp3 */,
				37E5F8AD2184628500D36C4E /* light_saber1.mp3 */,
			);
			path = sound;
			sourceTree = "<group>";
		};
/* End PBXGroup section */

/* Begin PBXNativeTarget section */
		37E5F89321845CAF00D36C4E /* 100eggsApp */ = {
			isa = PBXNativeTarget;
			buildConfigurationList = 37E5F8A621845CB000D36C4E /* Build configuration list for PBXNativeTarget "100eggsApp" */;
			buildPhases = (
				37E5F89021845CAF00D36C4E /* Sources */,
				37E5F89121845CAF00D36C4E /* Frameworks */,
				37E5F89221845CAF00D36C4E /* Resources */,
			);
			buildRules = (
			);
			dependencies = (
			);
			name = 100eggsApp;
			productName = 100eggsApp;
			productReference = 37E5F89421845CAF00D36C4E /* 100eggsApp.app */;
			productType = "com.apple.product-type.application";
		};
/* End PBXNativeTarget section */

/* Begin PBXProject section */
		37E5F88C21845CAF00D36C4E /* Project object */ = {
			isa = PBXProject;
			attributes = {
				LastSwiftUpdateCheck = 1000;
				LastUpgradeCheck = 1000;
				ORGANIZATIONNAME = shotaro;
				TargetAttributes = {
					37E5F89321845CAF00D36C4E = {
						CreatedOnToolsVersion = 10.0;
					};
				};
			};
			buildConfigurationList = 37E5F88F21845CAF00D36C4E /* Build configuration list for PBXProject "100eggsApp" */;
			compatibilityVersion = "Xcode 9.3";
			developmentRegion = en;
			hasScannedForEncodings = 0;
			knownRegions = (
				en,
				Base,
			);
			mainGroup = 37E5F88B21845CAF00D36C4E;
			productRefGroup = 37E5F89521845CAF00D36C4E /* Products */;
			projectDirPath = "";
			projectRoot = "";
			targets = (
				37E5F89321845CAF00D36C4E /* 100eggsApp */,
			);
		};
/* End PBXProject section */

/* Begin PBXResourcesBuildPhase section */
		37E5F89221845CAF00D36C4E /* Resources */ = {
			isa = PBXResourcesBuildPhase;
			buildActionMask = 2147483647;
			files = (
				37E5F8A221845CB000D36C4E /* LaunchScreen.storyboard in Resources */,
				37E5F8AE2184628500D36C4E /* light_saber3.mp3 in Resources */,
				37E5F89F21845CB000D36C4E /* Assets.xcassets in Resources */,
				37E5F8AF2184628500D36C4E /* light_saber1.mp3 in Resources */,
				37E5F89D21845CAF00D36C4E /* Main.storyboard in Resources */,
				37E5F8AA21845DF400D36C4E /* egg.jpeg in Resources */,
			);
			runOnlyForDeploymentPostprocessing = 0;
		};
/* End PBXResourcesBuildPhase section */

/* Begin PBXSourcesBuildPhase section */
		37E5F89021845CAF00D36C4E /* Sources */ = {
			isa = PBXSourcesBuildPhase;
			buildActionMask = 2147483647;
			files = (
				37E5F89A21845CAF00D36C4E /* ViewController.swift in Sources */,
				37E5F89821845CAF00D36C4E /* AppDelegate.swift in Sources */,
			);
			runOnlyForDeploymentPostprocessing = 0;
		};
/* End PBXSourcesBuildPhase section */

/* Begin PBXVariantGroup section */
		37E5F89B21845CAF00D36C4E /* Main.storyboard */ = {
			isa = PBXVariantGroup;
			children = (
				37E5F89C21845CAF00D36C4E /* Base */,
			);
			name = Main.storyboard;
			sourceTree = "<group>";
		};
		37E5F8A021845CB000D36C4E /* LaunchScreen.storyboard */ = {
			isa = PBXVariantGroup;
			children = (
				37E5F8A121845CB000D36C4E /* Base */,
			);
			name = LaunchScreen.storyboard;
			sourceTree = "<group>";
		};
/* End PBXVariantGroup section */

/* Begin XCBuildConfiguration section */
		37E5F8A421845CB000D36C4E /* Debug */ = {
			isa = XCBuildConfiguration;
			buildSettings = {
				ALWAYS_SEARCH_USER_PATHS = NO;
				CLANG_ANALYZER_NONNULL = YES;
				CLANG_ANALYZER_NUMBER_OBJECT_CONVERSION = YES_AGGRESSIVE;
				CLANG_CXX_LANGUAGE_STANDARD = "gnu++14";
				CLANG_CXX_LIBRARY = "libc++";
				CLANG_ENABLE_MODULES = YES;
				CLANG_ENABLE_OBJC_ARC = YES;
				CLANG_ENABLE_OBJC_WEAK = YES;
				CLANG_WARN_BLOCK_CAPTURE_AUTORELEASING = YES;
				CLANG_WARN_BOOL_CONVERSION = YES;
				CLANG_WARN_COMMA = YES;
				CLANG_WARN_CONSTANT_CONVERSION = YES;
				CLANG_WARN_DEPRECATED_OBJC_IMPLEMENTATIONS = YES;
				CLANG_WARN_DIRECT_OBJC_ISA_USAGE = YES_ERROR;
				CLANG_WARN_DOCUMENTATION_COMMENTS = YES;
				CLANG_WARN_EMPTY_BODY = YES;
				CLANG_WARN_ENUM_CONVERSION = YES;
				CLANG_WARN_INFINITE_RECURSION = YES;
				CLANG_WARN_INT_CONVERSION = YES;
				CLANG_WARN_NON_LITERAL_NULL_CONVERSION = YES;
				CLANG_WARN_OBJC_IMPLICIT_RETAIN_SELF = YES;
				CLANG_WARN_OBJC_LITERAL_CONVERSION = YES;
				CLANG_WARN_OBJC_ROOT_CLASS = YES_ERROR;
				CLANG_WARN_RANGE_LOOP_ANALYSIS = YES;
				CLANG_WARN_STRICT_PROTOTYPES = YES;
				CLANG_WARN_SUSPICIOUS_MOVE = YES;
				CLANG_WARN_UNGUARDED_AVAILABILITY = YES_AGGRESSIVE;
				CLANG_WARN_UNREACHABLE_CODE = YES;
				CLANG_WARN__DUPLICATE_METHOD_MATCH = YES;
				CODE_SIGN_IDENTITY = "iPhone Developer";
				COPY_PHASE_STRIP = NO;
				DEBUG_INFORMATION_FORMAT = dwarf;
				ENABLE_STRICT_OBJC_MSGSEND = YES;
				ENABLE_TESTABILITY = YES;
				GCC_C_LANGUAGE_STANDARD = gnu11;
				GCC_DYNAMIC_NO_PIC = NO;
				GCC_NO_COMMON_BLOCKS = YES;
				GCC_OPTIMIZATION_LEVEL = 0;
				GCC_PREPROCESSOR_DEFINITIONS = (
					"DEBUG=1",
					"$(inherited)",
				);
				GCC_WARN_64_TO_32_BIT_CONVERSION = YES;
				GCC_WARN_ABOUT_RETURN_TYPE = YES_ERROR;
				GCC_WARN_UNDECLARED_SELECTOR = YES;
				GCC_WARN_UNINITIALIZED_AUTOS = YES_AGGRESSIVE;
				GCC_WARN_UNUSED_FUNCTION = YES;
				GCC_WARN_UNUSED_VARIABLE = YES;
				IPHONEOS_DEPLOYMENT_TARGET = 12.0;
				MTL_ENABLE_DEBUG_INFO = INCLUDE_SOURCE;
				MTL_FAST_MATH = YES;
				ONLY_ACTIVE_ARCH = YES;
				SDKROOT = iphoneos;
				SWIFT_ACTIVE_COMPILATION_CONDITIONS = DEBUG;
				SWIFT_OPTIMIZATION_LEVEL = "-Onone";
			};
			name = Debug;
		};
		37E5F8A521845CB000D36C4E /* Release */ = {
			isa = XCBuildConfiguration;
			buildSettings = {
				ALWAYS_SEARCH_USER_PATHS = NO;
				CLANG_ANALYZER_NONNULL = YES;
				CLANG_ANALYZER_NUMBER_OBJECT_CONVERSION = YES_AGGRESSIVE;
				CLANG_CXX_LANGUAGE_STANDARD = "gnu++14";
				CLANG_CXX_LIBRARY = "libc++";
				CLANG_ENABLE_MODULES = YES;
				CLANG_ENABLE_OBJC_ARC = YES;
				CLANG_ENABLE_OBJC_WEAK = YES;
				CLANG_WARN_BLOCK_CAPTURE_AUTORELEASING = YES;
				CLANG_WARN_BOOL_CONVERSION = YES;
				CLANG_WARN_COMMA = YES;
				CLANG_WARN_CONSTANT_CONVERSION = YES;
				CLANG_WARN_DEPRECATED_OBJC_IMPLEMENTATIONS = YES;
				CLANG_WARN_DIRECT_OBJC_ISA_USAGE = YES_ERROR;
				CLANG_WARN_DOCUMENTATION_COMMENTS = YES;
				CLANG_WARN_EMPTY_BODY = YES;
				CLANG_WARN_ENUM_CONVERSION = YES;
				CLANG_WARN_INFINITE_RECURSION = YES;
				CLANG_WARN_INT_CONVERSION = YES;
				CLANG_WARN_NON_LITERAL_NULL_CONVERSION = YES;
				CLANG_WARN_OBJC_IMPLICIT_RETAIN_SELF = YES;
				CLANG_WARN_OBJC_LITERAL_CONVERSION = YES;
				CLANG_WARN_OBJC_ROOT_CLASS = YES_ERROR;
				CLANG_WARN_RANGE_LOOP_ANALYSIS = YES;
				CLANG_WARN_STRICT_PROTOTYPES = YES;
				CLANG_WARN_SUSPICIOUS_MOVE = YES;
				CLANG_WARN_UNGUARDED_AVAILABILITY = YES_AGGRESSIVE;
				CLANG_WARN_UNREACHABLE_CODE = YES;
				CLANG_WARN__DUPLICATE_METHOD_MATCH = YES;
				CODE_SIGN_IDENTITY = "iPhone Developer";
				COPY_PHASE_STRIP = NO;
				DEBUG_INFORMATION_FORMAT = "dwarf-with-dsym";
				ENABLE_NS_ASSERTIONS = NO;
				ENABLE_STRICT_OBJC_MSGSEND = YES;
				GCC_C_LANGUAGE_STANDARD = gnu11;
				GCC_NO_COMMON_BLOCKS = YES;
				GCC_WARN_64_TO_32_BIT_CONVERSION = YES;
				GCC_WARN_ABOUT_RETURN_TYPE = YES_ERROR;
				GCC_WARN_UNDECLARED_SELECTOR = YES;
				GCC_WARN_UNINITIALIZED_AUTOS = YES_AGGRESSIVE;
				GCC_WARN_UNUSED_FUNCTION = YES;
				GCC_WARN_UNUSED_VARIABLE = YES;
				IPHONEOS_DEPLOYMENT_TARGET = 12.0;
				MTL_ENABLE_DEBUG_INFO = NO;
				MTL_FAST_MATH = YES;
				SDKROOT = iphoneos;
				SWIFT_COMPILATION_MODE = wholemodule;
				SWIFT_OPTIMIZATION_LEVEL = "-O";
				VALIDATE_PRODUCT = YES;
			};
			name = Release;
		};
		37E5F8A721845CB000D36C4E /* Debug */ = {
			isa = XCBuildConfiguration;
			buildSettings = {
				ASSETCATALOG_COMPILER_APPICON_NAME = AppIcon;
				CODE_SIGN_STYLE = Automatic;
				DEVELOPMENT_TEAM = M82FLD6C75;
				INFOPLIST_FILE = 100eggsApp/Info.plist;
				LD_RUNPATH_SEARCH_PATHS = (
					"$(inherited)",
					"@executable_path/Frameworks",
				);
				PRODUCT_BUNDLE_IDENTIFIER = "net.shotaroooe.-00eggsApp";
				PRODUCT_NAME = "$(TARGET_NAME)";
				SWIFT_VERSION = 4.2;
				TARGETED_DEVICE_FAMILY = "1,2";
			};
			name = Debug;
		};
		37E5F8A821845CB000D36C4E /* Release */ = {
			isa = XCBuildConfiguration;
			buildSettings = {
				ASSETCATALOG_COMPILER_APPICON_NAME = AppIcon;
				CODE_SIGN_STYLE = Automatic;
				DEVELOPMENT_TEAM = M82FLD6C75;
				INFOPLIST_FILE = 100eggsApp/Info.plist;
				LD_RUNPATH_SEARCH_PATHS = (
					"$(inherited)",
					"@executable_path/Frameworks",
				);
				PRODUCT_BUNDLE_IDENTIFIER = "net.shotaroooe.-00eggsApp";
				PRODUCT_NAME = "$(TARGET_NAME)";
				SWIFT_VERSION = 4.2;
				TARGETED_DEVICE_FAMILY = "1,2";
			};
			name = Release;
		};
/* End XCBuildConfiguration section */

/* Begin XCConfigurationList section */
		37E5F88F21845CAF00D36C4E /* Build configuration list for PBXProject "100eggsApp" */ = {
			isa = XCConfigurationList;
			buildConfigurations = (
				37E5F8A421845CB000D36C4E /* Debug */,
				37E5F8A521845CB000D36C4E /* Release */,
			);
			defaultConfigurationIsVisible = 0;
			defaultConfigurationName = Release;
		};
		37E5F8A621845CB000D36C4E /* Build configuration list for PBXNativeTarget "100eggsApp" */ = {
			isa = XCConfigurationList;
			buildConfigurations = (
				37E5F8A721845CB000D36C4E /* Debug */,
				37E5F8A821845CB000D36C4E /* Release */,
			);
			defaultConfigurationIsVisible = 0;
			defaultConfigurationName = Release;
		};
/* End XCConfigurationList section */
	};
	rootObject = 37E5F88C21845CAF00D36C4E /* Project object */;
}
